
Microsoft Visual Studio Solution File, Format Version 12.00
# Visual Studio Version 17
VisualStudioVersion = 17.5.33627.172
MinimumVisualStudioVersion = 10.0.40219.1
Project("{9A19103F-16F7-4668-BE54-9A1E7A4F7556}") = "Levva.Newbies.Coins.API", "Levva.Newbies.Coins.API.csproj", "{6778A83E-2855-4461-A0EF-E335729271BB}"
EndProject
Project("{9A19103F-16F7-4668-BE54-9A1E7A4F7556}") = "Levva.Newbies.Coins.Business", "..\Levva.Newbies.Coins.Business\Levva.Newbies.Coins.Business.csproj", "{38A32A08-7E65-4685-8EE5-19EF63E528DB}"
EndProject
Project("{9A19103F-16F7-4668-BE54-9A1E7A4F7556}") = "Levva.Newbies.Coins.Domain", "..\Levva.Newbies.Coins.Domain\Levva.Newbies.Coins.Domain.csproj", "{53AE397F-6AAD-4688-8D46-1762C0D5CB0A}"
EndProject
Project("{9A19103F-16F7-4668-BE54-9A1E7A4F7556}") = "Levva.Newbies.Coins.Infra.IoC", "..\Levva.Newbies.Coins.Infra.IoC\Levva.Newbies.Coins.Infra.IoC.csproj", "{EFA7843E-F9F5-4BF0-81A5-94F891E2D5CF}"
EndProject
Project("{9A19103F-16F7-4668-BE54-9A1E7A4F7556}") = "Levva.Newbies.Coins.Data", "..\Levva.Newbies.Coins.Data\Levva.Newbies.Coins.Data.csproj", "{71D77DD5-D9C1-444A-9ABE-851A45B87803}"
EndProject
Project("{2150E333-8FDC-42A3-9474-1A3956D46DE8}") = "Presentations", "Presentations", "{4F7B024D-F9BD-40AC-8344-E761AAD9F92F}"
EndProject
Project("{2150E333-8FDC-42A3-9474-1A3956D46DE8}") = "Business", "Business", "{EED25108-E24E-4D50-8E69-80DDC804B966}"
EndProject
Project("{2150E333-8FDC-42A3-9474-1A3956D46DE8}") = "Data", "Data", "{587ABB6F-0E2C-4805-B5CF-2C87B84C2B91}"
EndProject
Project("{2150E333-8FDC-42A3-9474-1A3956D46DE8}") = "Domain", "Domain", "{8E1F9970-5D8B-43DE-AFD4-2CAB0BD3F0E9}"
EndProject
Project("{2150E333-8FDC-42A3-9474-1A3956D46DE8}") = "IoC", "IoC", "{B4F74248-CD29-4102-8CF9-96BD0AE3A9CC}"
EndProject
Project("{2150E333-8FDC-42A3-9474-1A3956D46DE8}") = "Core", "Core", "{51D920F8-E6DE-477E-8C75-67E844D6ACA4}"
EndProject
Global
	GlobalSection(SolutionConfigurationPlatforms) = preSolution
		Debug|Any CPU = Debug|Any CPU
		Release|Any CPU = Release|Any CPU
	EndGlobalSection
	GlobalSection(ProjectConfigurationPlatforms) = postSolution
		{6778A83E-2855-4461-A0EF-E335729271BB}.Debug|Any CPU.ActiveCfg = Debug|Any CPU
		{6778A83E-2855-4461-A0EF-E335729271BB}.Debug|Any CPU.Build.0 = Debug|Any CPU
		{6778A83E-2855-4461-A0EF-E335729271BB}.Release|Any CPU.ActiveCfg = Release|Any CPU
		{6778A83E-2855-4461-A0EF-E335729271BB}.Release|Any CPU.Build.0 = Release|Any CPU
		{38A32A08-7E65-4685-8EE5-19EF63E528DB}.Debug|Any CPU.ActiveCfg = Debug|Any CPU
		{38A32A08-7E65-4685-8EE5-19EF63E528DB}.Debug|Any CPU.Build.0 = Debug|Any CPU
		{38A32A08-7E65-4685-8EE5-19EF63E528DB}.Release|Any CPU.ActiveCfg = Release|Any CPU
		{38A32A08-7E65-4685-8EE5-19EF63E528DB}.Release|Any CPU.Build.0 = Release|Any CPU
		{53AE397F-6AAD-4688-8D46-1762C0D5CB0A}.Debug|Any CPU.ActiveCfg = Debug|Any CPU
		{53AE397F-6AAD-4688-8D46-1762C0D5CB0A}.Debug|Any CPU.Build.0 = Debug|Any CPU
		{53AE397F-6AAD-4688-8D46-1762C0D5CB0A}.Release|Any CPU.ActiveCfg = Release|Any CPU
		{53AE397F-6AAD-4688-8D46-1762C0D5CB0A}.Release|Any CPU.Build.0 = Release|Any CPU
		{EFA7843E-F9F5-4BF0-81A5-94F891E2D5CF}.Debug|Any CPU.ActiveCfg = Debug|Any CPU
		{EFA7843E-F9F5-4BF0-81A5-94F891E2D5CF}.Debug|Any CPU.Build.0 = Debug|Any CPU
		{EFA7843E-F9F5-4BF0-81A5-94F891E2D5CF}.Release|Any CPU.ActiveCfg = Release|Any CPU
		{EFA7843E-F9F5-4BF0-81A5-94F891E2D5CF}.Release|Any CPU.Build.0 = Release|Any CPU
		{71D77DD5-D9C1-444A-9ABE-851A45B87803}.Debug|Any CPU.ActiveCfg = Debug|Any CPU
		{71D77DD5-D9C1-444A-9ABE-851A45B87803}.Debug|Any CPU.Build.0 = Debug|Any CPU
		{71D77DD5-D9C1-444A-9ABE-851A45B87803}.Release|Any CPU.ActiveCfg = Release|Any CPU
		{71D77DD5-D9C1-444A-9ABE-851A45B87803}.Release|Any CPU.Build.0 = Release|Any CPU
	EndGlobalSection
	GlobalSection(SolutionProperties) = preSolution
		HideSolutionNode = FALSE
	EndGlobalSection
	GlobalSection(NestedProjects) = preSolution
		{6778A83E-2855-4461-A0EF-E335729271BB} = {4F7B024D-F9BD-40AC-8344-E761AAD9F92F}
		{38A32A08-7E65-4685-8EE5-19EF63E528DB} = {EED25108-E24E-4D50-8E69-80DDC804B966}
		{53AE397F-6AAD-4688-8D46-1762C0D5CB0A} = {8E1F9970-5D8B-43DE-AFD4-2CAB0BD3F0E9}
		{EFA7843E-F9F5-4BF0-81A5-94F891E2D5CF} = {B4F74248-CD29-4102-8CF9-96BD0AE3A9CC}
		{71D77DD5-D9C1-444A-9ABE-851A45B87803} = {587ABB6F-0E2C-4805-B5CF-2C87B84C2B91}
		{EED25108-E24E-4D50-8E69-80DDC804B966} = {51D920F8-E6DE-477E-8C75-67E844D6ACA4}
		{587ABB6F-0E2C-4805-B5CF-2C87B84C2B91} = {51D920F8-E6DE-477E-8C75-67E844D6ACA4}
		{8E1F9970-5D8B-43DE-AFD4-2CAB0BD3F0E9} = {51D920F8-E6DE-477E-8C75-67E844D6ACA4}
		{B4F74248-CD29-4102-8CF9-96BD0AE3A9CC} = {51D920F8-E6DE-477E-8C75-67E844D6ACA4}
	EndGlobalSection
	GlobalSection(ExtensibilityGlobals) = postSolution
		SolutionGuid = {0E3F7688-5918-4F02-88CD-BAD6347E9A7D}
	EndGlobalSection
EndGlobal
